
Microsoft Visual Studio Solution File, Format Version 12.00
# Visual Studio Version 17
VisualStudioVersion = 17.5.33414.496
MinimumVisualStudioVersion = 10.0.40219.1
Project("{FAE04EC0-301F-11D3-BF4B-00C04F79EFBC}") = "ShadowBoxWpf", "ShadowBoxWpf\ShadowBoxWpf.csproj", "{6751A460-8395-4859-8EF7-595F92B1DCBC}"
EndProject
Project("{FAE04EC0-301F-11D3-BF4B-00C04F79EFBC}") = "ShadowBoxWpfTester", "ShadowBoxWpfTester\ShadowBoxWpfTester.csproj", "{DC8AFB80-F3BC-44A5-920C-F76CADF4D1F6}"
EndProject
Global
	GlobalSection(SolutionConfigurationPlatforms) = preSolution
		Debug|Any CPU = Debug|Any CPU
		Release|Any CPU = Release|Any CPU
	EndGlobalSection
	GlobalSection(ProjectConfigurationPlatforms) = postSolution
		{6751A460-8395-4859-8EF7-595F92B1DCBC}.Debug|Any CPU.ActiveCfg = Debug|Any CPU
		{6751A460-8395-4859-8EF7-595F92B1DCBC}.Debug|Any CPU.Build.0 = Debug|Any CPU
		{6751A460-8395-4859-8EF7-595F92B1DCBC}.Release|Any CPU.ActiveCfg = Release|Any CPU
		{6751A460-8395-4859-8EF7-595F92B1DCBC}.Release|Any CPU.Build.0 = Release|Any CPU
		{DC8AFB80-F3BC-44A5-920C-F76CADF4D1F6}.Debug|Any CPU.ActiveCfg = Debug|Any CPU
		{DC8AFB80-F3BC-44A5-920C-F76CADF4D1F6}.Debug|Any CPU.Build.0 = Debug|Any CPU
		{DC8AFB80-F3BC-44A5-920C-F76CADF4D1F6}.Release|Any CPU.ActiveCfg = Release|Any CPU
		{DC8AFB80-F3BC-44A5-920C-F76CADF4D1F6}.Release|Any CPU.Build.0 = Release|Any CPU
	EndGlobalSection
	GlobalSection(SolutionProperties) = preSolution
		HideSolutionNode = FALSE
	EndGlobalSection
	GlobalSection(ExtensibilityGlobals) = postSolution
		SolutionGuid = {E79F301B-E9CD-4A8B-A974-4EE60828D3E7}
	EndGlobalSection
EndGlobal
